// !$*UTF8*$!
{
	archiveVersion = 1;
	classes = {
	};
	objectVersion = 77;
	objects = {

/* Begin PBXContainerItemProxy section */
		AC65D8822DA99E52004EF317 /* PBXContainerItemProxy */ = {
			isa = PBXContainerItemProxy;
			containerPortal = AC65D8692DA99E50004EF317 /* Project object */;
			proxyType = 1;
			remoteGlobalIDString = AC65D8702DA99E50004EF317;
			remoteInfo = "Emojie Minds";
		};
		AC65D88C2DA99E52004EF317 /* PBXContainerItemProxy */ = {
			isa = PBXContainerItemProxy;
			containerPortal = AC65D8692DA99E50004EF317 /* Project object */;
			proxyType = 1;
			remoteGlobalIDString = AC65D8702DA99E50004EF317;
			remoteInfo = "Emojie Minds";
		};
/* End PBXContainerItemProxy section */

/* Begin PBXFileReference section */
		AC65D8712DA99E50004EF317 /* Emojie Minds.app */ = {isa = PBXFileReference; explicitFileType = wrapper.application; includeInIndex = 0; path = "Emojie Minds.app"; sourceTree = BUILT_PRODUCTS_DIR; };
		AC65D8812DA99E52004EF317 /* Emojie MindsTests.xctest */ = {isa = PBXFileReference; explicitFileType = wrapper.cfbundle; includeInIndex = 0; path = "Emojie MindsTests.xctest"; sourceTree = BUILT_PRODUCTS_DIR; };
		AC65D88B2DA99E52004EF317 /* Emojie MindsUITests.xctest */ = {isa = PBXFileReference; explicitFileType = wrapper.cfbundle; includeInIndex = 0; path = "Emojie MindsUITests.xctest"; sourceTree = BUILT_PRODUCTS_DIR; };
/* End PBXFileReference section */

/* Begin PBXFileSystemSynchronizedRootGroup section */
		AC65D8732DA99E50004EF317 /* Emojie Minds */ = {
			isa = PBXFileSystemSynchronizedRootGroup;
			path = "Emojie Minds";
			sourceTree = "<group>";
		};
		AC65D8842DA99E52004EF317 /* Emojie MindsTests */ = {
			isa = PBXFileSystemSynchronizedRootGroup;
			path = "Emojie MindsTests";
			sourceTree = "<group>";
		};
		AC65D88E2DA99E52004EF317 /* Emojie MindsUITests */ = {
			isa = PBXFileSystemSynchronizedRootGroup;
			path = "Emojie MindsUITests";
			sourceTree = "<group>";
		};
/* End PBXFileSystemSynchronizedRootGroup section */

/* Begin PBXFrameworksBuildPhase section */
		AC65D86E2DA99E50004EF317 /* Frameworks */ = {
			isa = PBXFrameworksBuildPhase;
			buildActionMask = 2147483647;
			files = (
			);
			runOnlyForDeploymentPostprocessing = 0;
		};
		AC65D87E2DA99E52004EF317 /* Frameworks */ = {
			isa = PBXFrameworksBuildPhase;
			buildActionMask = 2147483647;
			files = (
			);
			runOnlyForDeploymentPostprocessing = 0;
		};
		AC65D8882DA99E52004EF317 /* Frameworks */ = {
			isa = PBXFrameworksBuildPhase;
			buildActionMask = 2147483647;
			files = (
			);
			runOnlyForDeploymentPostprocessing = 0;
		};
/* End PBXFrameworksBuildPhase section */

/* Begin PBXGroup section */
		AC65D8682DA99E50004EF317 = {
			isa = PBXGroup;
			children = (
				AC65D8732DA99E50004EF317 /* Emojie Minds */,
				AC65D8842DA99E52004EF317 /* Emojie MindsTests */,
				AC65D88E2DA99E52004EF317 /* Emojie MindsUITests */,
				AC65D8722DA99E50004EF317 /* Products */,
			);
			sourceTree = "<group>";
		};
		AC65D8722DA99E50004EF317 /* Products */ = {
			isa = PBXGroup;
			children = (
				AC65D8712DA99E50004EF317 /* Emojie Minds.app */,
				AC65D8812DA99E52004EF317 /* Emojie MindsTests.xctest */,
				AC65D88B2DA99E52004EF317 /* Emojie MindsUITests.xctest */,
			);
			name = Products;
			sourceTree = "<group>";
		};
/* End PBXGroup section */

/* Begin PBXNativeTarget section */
		AC65D8702DA99E50004EF317 /* Emojie Minds */ = {
			isa = PBXNativeTarget;
			buildConfigurationList = AC65D8952DA99E52004EF317 /* Build configuration list for PBXNativeTarget "Emojie Minds" */;
			buildPhases = (
				AC65D86D2DA99E50004EF317 /* Sources */,
				AC65D86E2DA99E50004EF317 /* Frameworks */,
				AC65D86F2DA99E50004EF317 /* Resources */,
			);
			buildRules = (
			);
			dependencies = (
			);
			fileSystemSynchronizedGroups = (
				AC65D8732DA99E50004EF317 /* Emojie Minds */,
			);
			name = "Emojie Minds";
			packageProductDependencies = (
			);
			productName = "Emojie Minds";
			productReference = AC65D8712DA99E50004EF317 /* Emojie Minds.app */;
			productType = "com.apple.product-type.application";
		};
		AC65D8802DA99E52004EF317 /* Emojie MindsTests */ = {
			isa = PBXNativeTarget;
			buildConfigurationList = AC65D8982DA99E52004EF317 /* Build configuration list for PBXNativeTarget "Emojie MindsTests" */;
			buildPhases = (
				AC65D87D2DA99E52004EF317 /* Sources */,
				AC65D87E2DA99E52004EF317 /* Frameworks */,
				AC65D87F2DA99E52004EF317 /* Resources */,
			);
			buildRules = (
			);
			dependencies = (
				AC65D8832DA99E52004EF317 /* PBXTargetDependency */,
			);
			fileSystemSynchronizedGroups = (
				AC65D8842DA99E52004EF317 /* Emojie MindsTests */,
			);
			name = "Emojie MindsTests";
			packageProductDependencies = (
			);
			productName = "Emojie MindsTests";
			productReference = AC65D8812DA99E52004EF317 /* Emojie MindsTests.xctest */;
			productType = "com.apple.product-type.bundle.unit-test";
		};
		AC65D88A2DA99E52004EF317 /* Emojie MindsUITests */ = {
			isa = PBXNativeTarget;
			buildConfigurationList = AC65D89B2DA99E52004EF317 /* Build configuration list for PBXNativeTarget "Emojie MindsUITests" */;
			buildPhases = (
				AC65D8872DA99E52004EF317 /* Sources */,
				AC65D8882DA99E52004EF317 /* Frameworks */,
				AC65D8892DA99E52004EF317 /* Resources */,
			);
			buildRules = (
			);
			dependencies = (
				AC65D88D2DA99E52004EF317 /* PBXTargetDependency */,
			);
			fileSystemSynchronizedGroups = (
				AC65D88E2DA99E52004EF317 /* Emojie MindsUITests */,
			);
			name = "Emojie MindsUITests";
			packageProductDependencies = (
			);
			productName = "Emojie MindsUITests";
			productReference = AC65D88B2DA99E52004EF317 /* Emojie MindsUITests.xctest */;
			productType = "com.apple.product-type.bundle.ui-testing";
		};
/* End PBXNativeTarget section */

/* Begin PBXProject section */
		AC65D8692DA99E50004EF317 /* Project object */ = {
			isa = PBXProject;
			attributes = {
				BuildIndependentTargetsInParallel = 1;
				LastSwiftUpdateCheck = 1620;
				LastUpgradeCheck = 1620;
				TargetAttributes = {
					AC65D8702DA99E50004EF317 = {
						CreatedOnToolsVersion = 16.2;
					};
					AC65D8802DA99E52004EF317 = {
						CreatedOnToolsVersion = 16.2;
						TestTargetID = AC65D8702DA99E50004EF317;
					};
					AC65D88A2DA99E52004EF317 = {
						CreatedOnToolsVersion = 16.2;
						TestTargetID = AC65D8702DA99E50004EF317;
					};
				};
			};
			buildConfigurationList = AC65D86C2DA99E50004EF317 /* Build configuration list for PBXProject "Emojie Minds" */;
			developmentRegion = en;
			hasScannedForEncodings = 0;
			knownRegions = (
				en,
				Base,
			);
			mainGroup = AC65D8682DA99E50004EF317;
			minimizedProjectReferenceProxies = 1;
			preferredProjectObjectVersion = 77;
			productRefGroup = AC65D8722DA99E50004EF317 /* Products */;
			projectDirPath = "";
			projectRoot = "";
			targets = (
				AC65D8702DA99E50004EF317 /* Emojie Minds */,
				AC65D8802DA99E52004EF317 /* Emojie MindsTests */,
				AC65D88A2DA99E52004EF317 /* Emojie MindsUITests */,
			);
		};
/* End PBXProject section */

/* Begin PBXResourcesBuildPhase section */
		AC65D86F2DA99E50004EF317 /* Resources */ = {
			isa = PBXResourcesBuildPhase;
			buildActionMask = 2147483647;
			files = (
			);
			runOnlyForDeploymentPostprocessing = 0;
		};
		AC65D87F2DA99E52004EF317 /* Resources */ = {
			isa = PBXResourcesBuildPhase;
			buildActionMask = 2147483647;
			files = (
			);
			runOnlyForDeploymentPostprocessing = 0;
		};
		AC65D8892DA99E52004EF317 /* Resources */ = {
			isa = PBXResourcesBuildPhase;
			buildActionMask = 2147483647;
			files = (
			);
			runOnlyForDeploymentPostprocessing = 0;
		};
/* End PBXResourcesBuildPhase section */

/* Begin PBXSourcesBuildPhase section */
		AC65D86D2DA99E50004EF317 /* Sources */ = {
			isa = PBXSourcesBuildPhase;
			buildActionMask = 2147483647;
			files = (
			);
			runOnlyForDeploymentPostprocessing = 0;
		};
		AC65D87D2DA99E52004EF317 /* Sources */ = {
			isa = PBXSourcesBuildPhase;
			buildActionMask = 2147483647;
			files = (
			);
			runOnlyForDeploymentPostprocessing = 0;
		};
		AC65D8872DA99E52004EF317 /* Sources */ = {
			isa = PBXSourcesBuildPhase;
			buildActionMask = 2147483647;
			files = (
			);
			runOnlyForDeploymentPostprocessing = 0;
		};
/* End PBXSourcesBuildPhase section */

/* Begin PBXTargetDependency section */
		AC65D8832DA99E52004EF317 /* PBXTargetDependency */ = {
			isa = PBXTargetDependency;
			target = AC65D8702DA99E50004EF317 /* Emojie Minds */;
			targetProxy = AC65D8822DA99E52004EF317 /* PBXContainerItemProxy */;
		};
		AC65D88D2DA99E52004EF317 /* PBXTargetDependency */ = {
			isa = PBXTargetDependency;
			target = AC65D8702DA99E50004EF317 /* Emojie Minds */;
			targetProxy = AC65D88C2DA99E52004EF317 /* PBXContainerItemProxy */;
		};
/* End PBXTargetDependency section */

/* Begin XCBuildConfiguration section */
		AC65D8932DA99E52004EF317 /* Debug */ = {
			isa = XCBuildConfiguration;
			buildSettings = {
				ALWAYS_SEARCH_USER_PATHS = NO;
				ASSETCATALOG_COMPILER_GENERATE_SWIFT_ASSET_SYMBOL_EXTENSIONS = YES;
				CLANG_ANALYZER_NONNULL = YES;
				CLANG_ANALYZER_NUMBER_OBJECT_CONVERSION = YES_AGGRESSIVE;
				CLANG_CXX_LANGUAGE_STANDARD = "gnu++20";
				CLANG_ENABLE_MODULES = YES;
				CLANG_ENABLE_OBJC_ARC = YES;
				CLANG_ENABLE_OBJC_WEAK = YES;
				CLANG_WARN_BLOCK_CAPTURE_AUTORELEASING = YES;
				CLANG_WARN_BOOL_CONVERSION = YES;
				CLANG_WARN_COMMA = YES;
				CLANG_WARN_CONSTANT_CONVERSION = YES;
				CLANG_WARN_DEPRECATED_OBJC_IMPLEMENTATIONS = YES;
				CLANG_WARN_DIRECT_OBJC_ISA_USAGE = YES_ERROR;
				CLANG_WARN_DOCUMENTATION_COMMENTS = YES;
				CLANG_WARN_EMPTY_BODY = YES;
				CLANG_WARN_ENUM_CONVERSION = YES;
				CLANG_WARN_INFINITE_RECURSION = YES;
				CLANG_WARN_INT_CONVERSION = YES;
				CLANG_WARN_NON_LITERAL_NULL_CONVERSION = YES;
				CLANG_WARN_OBJC_IMPLICIT_RETAIN_SELF = YES;
				CLANG_WARN_OBJC_LITERAL_CONVERSION = YES;
				CLANG_WARN_OBJC_ROOT_CLASS = YES_ERROR;
				CLANG_WARN_QUOTED_INCLUDE_IN_FRAMEWORK_HEADER = YES;
				CLANG_WARN_RANGE_LOOP_ANALYSIS = YES;
				CLANG_WARN_STRICT_PROTOTYPES = YES;
				CLANG_WARN_SUSPICIOUS_MOVE = YES;
				CLANG_WARN_UNGUARDED_AVAILABILITY = YES_AGGRESSIVE;
				CLANG_WARN_UNREACHABLE_CODE = YES;
				CLANG_WARN__DUPLICATE_METHOD_MATCH = YES;
				COPY_PHASE_STRIP = NO;
				DEBUG_INFORMATION_FORMAT = dwarf;
				ENABLE_STRICT_OBJC_MSGSEND = YES;
				ENABLE_TESTABILITY = YES;
				ENABLE_USER_SCRIPT_SANDBOXING = YES;
				GCC_C_LANGUAGE_STANDARD = gnu17;
				GCC_DYNAMIC_NO_PIC = NO;
				GCC_NO_COMMON_BLOCKS = YES;
				GCC_OPTIMIZATION_LEVEL = 0;
				GCC_PREPROCESSOR_DEFINITIONS = (
					"DEBUG=1",
					"$(inherited)",
				);
				GCC_WARN_64_TO_32_BIT_CONVERSION = YES;
				GCC_WARN_ABOUT_RETURN_TYPE = YES_ERROR;
				GCC_WARN_UNDECLARED_SELECTOR = YES;
				GCC_WARN_UNINITIALIZED_AUTOS = YES_AGGRESSIVE;
				GCC_WARN_UNUSED_FUNCTION = YES;
				GCC_WARN_UNUSED_VARIABLE = YES;
				IPHONEOS_DEPLOYMENT_TARGET = 18.2;
				LOCALIZATION_PREFERS_STRING_CATALOGS = YES;
				MTL_ENABLE_DEBUG_INFO = INCLUDE_SOURCE;
				MTL_FAST_MATH = YES;
				ONLY_ACTIVE_ARCH = YES;
				SDKROOT = iphoneos;
				SWIFT_ACTIVE_COMPILATION_CONDITIONS = "DEBUG $(inherited)";
				SWIFT_OPTIMIZATION_LEVEL = "-Onone";
			};
			name = Debug;
		};
		AC65D8942DA99E52004EF317 /* Release */ = {
			isa = XCBuildConfiguration;
			buildSettings = {
				ALWAYS_SEARCH_USER_PATHS = NO;
				ASSETCATALOG_COMPILER_GENERATE_SWIFT_ASSET_SYMBOL_EXTENSIONS = YES;
				CLANG_ANALYZER_NONNULL = YES;
				CLANG_ANALYZER_NUMBER_OBJECT_CONVERSION = YES_AGGRESSIVE;
				CLANG_CXX_LANGUAGE_STANDARD = "gnu++20";
				CLANG_ENABLE_MODULES = YES;
				CLANG_ENABLE_OBJC_ARC = YES;
				CLANG_ENABLE_OBJC_WEAK = YES;
				CLANG_WARN_BLOCK_CAPTURE_AUTORELEASING = YES;
				CLANG_WARN_BOOL_CONVERSION = YES;
				CLANG_WARN_COMMA = YES;
				CLANG_WARN_CONSTANT_CONVERSION = YES;
				CLANG_WARN_DEPRECATED_OBJC_IMPLEMENTATIONS = YES;
				CLANG_WARN_DIRECT_OBJC_ISA_USAGE = YES_ERROR;
				CLANG_WARN_DOCUMENTATION_COMMENTS = YES;
				CLANG_WARN_EMPTY_BODY = YES;
				CLANG_WARN_ENUM_CONVERSION = YES;
				CLANG_WARN_INFINITE_RECURSION = YES;
				CLANG_WARN_INT_CONVERSION = YES;
				CLANG_WARN_NON_LITERAL_NULL_CONVERSION = YES;
				CLANG_WARN_OBJC_IMPLICIT_RETAIN_SELF = YES;
				CLANG_WARN_OBJC_LITERAL_CONVERSION = YES;
				CLANG_WARN_OBJC_ROOT_CLASS = YES_ERROR;
				CLANG_WARN_QUOTED_INCLUDE_IN_FRAMEWORK_HEADER = YES;
				CLANG_WARN_RANGE_LOOP_ANALYSIS = YES;
				CLANG_WARN_STRICT_PROTOTYPES = YES;
				CLANG_WARN_SUSPICIOUS_MOVE = YES;
				CLANG_WARN_UNGUARDED_AVAILABILITY = YES_AGGRESSIVE;
				CLANG_WARN_UNREACHABLE_CODE = YES;
				CLANG_WARN__DUPLICATE_METHOD_MATCH = YES;
				COPY_PHASE_STRIP = NO;
				DEBUG_INFORMATION_FORMAT = "dwarf-with-dsym";
				ENABLE_NS_ASSERTIONS = NO;
				ENABLE_STRICT_OBJC_MSGSEND = YES;
				ENABLE_USER_SCRIPT_SANDBOXING = YES;
				GCC_C_LANGUAGE_STANDARD = gnu17;
				GCC_NO_COMMON_BLOCKS = YES;
				GCC_WARN_64_TO_32_BIT_CONVERSION = YES;
				GCC_WARN_ABOUT_RETURN_TYPE = YES_ERROR;
				GCC_WARN_UNDECLARED_SELECTOR = YES;
				GCC_WARN_UNINITIALIZED_AUTOS = YES_AGGRESSIVE;
				GCC_WARN_UNUSED_FUNCTION = YES;
				GCC_WARN_UNUSED_VARIABLE = YES;
				IPHONEOS_DEPLOYMENT_TARGET = 18.2;
				LOCALIZATION_PREFERS_STRING_CATALOGS = YES;
				MTL_ENABLE_DEBUG_INFO = NO;
				MTL_FAST_MATH = YES;
				SDKROOT = iphoneos;
				SWIFT_COMPILATION_MODE = wholemodule;
				VALIDATE_PRODUCT = YES;
			};
			name = Release;
		};
		AC65D8962DA99E52004EF317 /* Debug */ = {
			isa = XCBuildConfiguration;
			buildSettings = {
				ASSETCATALOG_COMPILER_APPICON_NAME = AppIcon;
				ASSETCATALOG_COMPILER_GLOBAL_ACCENT_COLOR_NAME = AccentColor;
				CODE_SIGN_STYLE = Automatic;
				CURRENT_PROJECT_VERSION = 1;
				DEVELOPMENT_ASSET_PATHS = "\"Emojie Minds/Preview Content\"";
				ENABLE_PREVIEWS = YES;
				GENERATE_INFOPLIST_FILE = YES;
				INFOPLIST_KEY_UIApplicationSceneManifest_Generation = YES;
				INFOPLIST_KEY_UIApplicationSupportsIndirectInputEvents = YES;
				INFOPLIST_KEY_UILaunchScreen_Generation = YES;
				INFOPLIST_KEY_UISupportedInterfaceOrientations_iPad = "UIInterfaceOrientationPortrait UIInterfaceOrientationPortraitUpsideDown UIInterfaceOrientationLandscapeLeft UIInterfaceOrientationLandscapeRight";
				INFOPLIST_KEY_UISupportedInterfaceOrientations_iPhone = "UIInterfaceOrientationPortrait UIInterfaceOrientationLandscapeLeft UIInterfaceOrientationLandscapeRight";
				LD_RUNPATH_SEARCH_PATHS = (
					"$(inherited)",
					"@executable_path/Frameworks",
				);
				MARKETING_VERSION = 1.0;
				PRODUCT_BUNDLE_IDENTIFIER = "w.Emojie-Minds";
				PRODUCT_NAME = "$(TARGET_NAME)";
				SWIFT_EMIT_LOC_STRINGS = YES;
				SWIFT_VERSION = 5.0;
				TARGETED_DEVICE_FAMILY = "1,2";
			};
			name = Debug;
		};
		AC65D8972DA99E52004EF317 /* Release */ = {
			isa = XCBuildConfiguration;
			buildSettings = {
				ASSETCATALOG_COMPILER_APPICON_NAME = AppIcon;
				ASSETCATALOG_COMPILER_GLOBAL_ACCENT_COLOR_NAME = AccentColor;
				CODE_SIGN_STYLE = Automatic;
				CURRENT_PROJECT_VERSION = 1;
				DEVELOPMENT_ASSET_PATHS = "\"Emojie Minds/Preview Content\"";
				ENABLE_PREVIEWS = YES;
				GENERATE_INFOPLIST_FILE = YES;
				INFOPLIST_KEY_UIApplicationSceneManifest_Generation = YES;
				INFOPLIST_KEY_UIApplicationSupportsIndirectInputEvents = YES;
				INFOPLIST_KEY_UILaunchScreen_Generation = YES;
				INFOPLIST_KEY_UISupportedInterfaceOrientations_iPad = "UIInterfaceOrientationPortrait UIInterfaceOrientationPortraitUpsideDown UIInterfaceOrientationLandscapeLeft UIInterfaceOrientationLandscapeRight";
				INFOPLIST_KEY_UISupportedInterfaceOrientations_iPhone = "UIInterfaceOrientationPortrait UIInterfaceOrientationLandscapeLeft UIInterfaceOrientationLandscapeRight";
				LD_RUNPATH_SEARCH_PATHS = (
					"$(inherited)",
					"@executable_path/Frameworks",
				);
				MARKETING_VERSION = 1.0;
				PRODUCT_BUNDLE_IDENTIFIER = "w.Emojie-Minds";
				PRODUCT_NAME = "$(TARGET_NAME)";
				SWIFT_EMIT_LOC_STRINGS = YES;
				SWIFT_VERSION = 5.0;
				TARGETED_DEVICE_FAMILY = "1,2";
			};
			name = Release;
		};
		AC65D8992DA99E52004EF317 /* Debug */ = {
			isa = XCBuildConfiguration;
			buildSettings = {
				BUNDLE_LOADER = "$(TEST_HOST)";
				CODE_SIGN_STYLE = Automatic;
				CURRENT_PROJECT_VERSION = 1;
				GENERATE_INFOPLIST_FILE = YES;
				IPHONEOS_DEPLOYMENT_TARGET = 18.2;
				MARKETING_VERSION = 1.0;
				PRODUCT_BUNDLE_IDENTIFIER = "w.Emojie-MindsTests";
				PRODUCT_NAME = "$(TARGET_NAME)";
				SWIFT_EMIT_LOC_STRINGS = NO;
				SWIFT_VERSION = 5.0;
				TARGETED_DEVICE_FAMILY = "1,2";
				TEST_HOST = "$(BUILT_PRODUCTS_DIR)/Emojie Minds.app/$(BUNDLE_EXECUTABLE_FOLDER_PATH)/Emojie Minds";
			};
			name = Debug;
		};
		AC65D89A2DA99E52004EF317 /* Release */ = {
			isa = XCBuildConfiguration;
			buildSettings = {
				BUNDLE_LOADER = "$(TEST_HOST)";
				CODE_SIGN_STYLE = Automatic;
				CURRENT_PROJECT_VERSION = 1;
				GENERATE_INFOPLIST_FILE = YES;
				IPHONEOS_DEPLOYMENT_TARGET = 18.2;
				MARKETING_VERSION = 1.0;
				PRODUCT_BUNDLE_IDENTIFIER = "w.Emojie-MindsTests";
				PRODUCT_NAME = "$(TARGET_NAME)";
				SWIFT_EMIT_LOC_STRINGS = NO;
				SWIFT_VERSION = 5.0;
				TARGETED_DEVICE_FAMILY = "1,2";
				TEST_HOST = "$(BUILT_PRODUCTS_DIR)/Emojie Minds.app/$(BUNDLE_EXECUTABLE_FOLDER_PATH)/Emojie Minds";
			};
			name = Release;
		};
		AC65D89C2DA99E52004EF317 /* Debug */ = {
			isa = XCBuildConfiguration;
			buildSettings = {
				CODE_SIGN_STYLE = Automatic;
				CURRENT_PROJECT_VERSION = 1;
				GENERATE_INFOPLIST_FILE = YES;
				MARKETING_VERSION = 1.0;
				PRODUCT_BUNDLE_IDENTIFIER = "w.Emojie-MindsUITests";
				PRODUCT_NAME = "$(TARGET_NAME)";
				SWIFT_EMIT_LOC_STRINGS = NO;
				SWIFT_VERSION = 5.0;
				TARGETED_DEVICE_FAMILY = "1,2";
				TEST_TARGET_NAME = "Emojie Minds";
			};
			name = Debug;
		};
		AC65D89D2DA99E52004EF317 /* Release */ = {
			isa = XCBuildConfiguration;
			buildSettings = {
				CODE_SIGN_STYLE = Automatic;
				CURRENT_PROJECT_VERSION = 1;
				GENERATE_INFOPLIST_FILE = YES;
				MARKETING_VERSION = 1.0;
				PRODUCT_BUNDLE_IDENTIFIER = "w.Emojie-MindsUITests";
				PRODUCT_NAME = "$(TARGET_NAME)";
				SWIFT_EMIT_LOC_STRINGS = NO;
				SWIFT_VERSION = 5.0;
				TARGETED_DEVICE_FAMILY = "1,2";
				TEST_TARGET_NAME = "Emojie Minds";
			};
			name = Release;
		};
/* End XCBuildConfiguration section */

/* Begin XCConfigurationList section */
		AC65D86C2DA99E50004EF317 /* Build configuration list for PBXProject "Emojie Minds" */ = {
			isa = XCConfigurationList;
			buildConfigurations = (
				AC65D8932DA99E52004EF317 /* Debug */,
				AC65D8942DA99E52004EF317 /* Release */,
			);
			defaultConfigurationIsVisible = 0;
			defaultConfigurationName = Release;
		};
		AC65D8952DA99E52004EF317 /* Build configuration list for PBXNativeTarget "Emojie Minds" */ = {
			isa = XCConfigurationList;
			buildConfigurations = (
				AC65D8962DA99E52004EF317 /* Debug */,
				AC65D8972DA99E52004EF317 /* Release */,
			);
			defaultConfigurationIsVisible = 0;
			defaultConfigurationName = Release;
		};
		AC65D8982DA99E52004EF317 /* Build configuration list for PBXNativeTarget "Emojie MindsTests" */ = {
			isa = XCConfigurationList;
			buildConfigurations = (
				AC65D8992DA99E52004EF317 /* Debug */,
				AC65D89A2DA99E52004EF317 /* Release */,
			);
			defaultConfigurationIsVisible = 0;
			defaultConfigurationName = Release;
		};
		AC65D89B2DA99E52004EF317 /* Build configuration list for PBXNativeTarget "Emojie MindsUITests" */ = {
			isa = XCConfigurationList;
			buildConfigurations = (
				AC65D89C2DA99E52004EF317 /* Debug */,
				AC65D89D2DA99E52004EF317 /* Release */,
			);
			defaultConfigurationIsVisible = 0;
			defaultConfigurationName = Release;
		};
/* End XCConfigurationList section */
	};
	rootObject = AC65D8692DA99E50004EF317 /* Project object */;
}
